
Microsoft Visual Studio Solution File, Format Version 12.00
# Visual Studio Version 16
VisualStudioVersion = 16.0.31829.152
MinimumVisualStudioVersion = 10.0.40219.1
Project("{FAE04EC0-301F-11D3-BF4B-00C04F79EFBC}") = "AnonMethod", "AnonMethod\AnonMethod.csproj", "{3BC9D69A-175E-40FD-A4C2-6701585B6D01}"
EndProject
Project("{FAE04EC0-301F-11D3-BF4B-00C04F79EFBC}") = "AnonMethod1", "AnonMethod1\AnonMethod1.csproj", "{4B795362-B3A6-4608-93BA-3820B4C11D15}"
EndProject
Project("{FAE04EC0-301F-11D3-BF4B-00C04F79EFBC}") = "DelegatePredpTechnic", "DelegatePredpTechnic\DelegatePredpTechnic.csproj", "{F7A56B00-13AB-4146-AA0B-44BB36B901A7}"
EndProject
Global
	GlobalSection(SolutionConfigurationPlatforms) = preSolution
		Debug|Any CPU = Debug|Any CPU
		Release|Any CPU = Release|Any CPU
	EndGlobalSection
	GlobalSection(ProjectConfigurationPlatforms) = postSolution
		{3BC9D69A-175E-40FD-A4C2-6701585B6D01}.Debug|Any CPU.ActiveCfg = Debug|Any CPU
		{3BC9D69A-175E-40FD-A4C2-6701585B6D01}.Debug|Any CPU.Build.0 = Debug|Any CPU
		{3BC9D69A-175E-40FD-A4C2-6701585B6D01}.Release|Any CPU.ActiveCfg = Release|Any CPU
		{3BC9D69A-175E-40FD-A4C2-6701585B6D01}.Release|Any CPU.Build.0 = Release|Any CPU
		{4B795362-B3A6-4608-93BA-3820B4C11D15}.Debug|Any CPU.ActiveCfg = Debug|Any CPU
		{4B795362-B3A6-4608-93BA-3820B4C11D15}.Debug|Any CPU.Build.0 = Debug|Any CPU
		{4B795362-B3A6-4608-93BA-3820B4C11D15}.Release|Any CPU.ActiveCfg = Release|Any CPU
		{4B795362-B3A6-4608-93BA-3820B4C11D15}.Release|Any CPU.Build.0 = Release|Any CPU
		{F7A56B00-13AB-4146-AA0B-44BB36B901A7}.Debug|Any CPU.ActiveCfg = Debug|Any CPU
		{F7A56B00-13AB-4146-AA0B-44BB36B901A7}.Debug|Any CPU.Build.0 = Debug|Any CPU
		{F7A56B00-13AB-4146-AA0B-44BB36B901A7}.Release|Any CPU.ActiveCfg = Release|Any CPU
		{F7A56B00-13AB-4146-AA0B-44BB36B901A7}.Release|Any CPU.Build.0 = Release|Any CPU
	EndGlobalSection
	GlobalSection(SolutionProperties) = preSolution
		HideSolutionNode = FALSE
	EndGlobalSection
	GlobalSection(ExtensibilityGlobals) = postSolution
		SolutionGuid = {D74F36DA-4506-42CC-BF10-54F3215B21E0}
	EndGlobalSection
EndGlobal
